{
  "name": "miniapps",
  "lockfileVersion": 3,
  "requires": true,
  "packages": {
    "": {
      "dependencies": {
        "@ebisa-tesfaye/miniapp-sdk": "^1.3.0"
      }
    },
    "node_modules/@ebisa-tesfaye/miniapp-sdk": {
      "version": "1.3.0",
      "resolved": "https://registry.npmjs.org/@ebisa-tesfaye/miniapp-sdk/-/miniapp-sdk-1.3.0.tgz",
      "integrity": "sha512-Sm7hpcPnVp6h4jRV/HF2c7D/Oo6wPwHiW6D2SMqWrFMQ+NklPOfndm5MAGVS9t12hJjiXX7yPEip0jDkeEXKfQ==",
      "license": "MIT",
      "bin": {
        "miniapp": "bin/cli.js"
      }
    }
  }
}
